
Microsoft Visual Studio Solution File, Format Version 12.00
# Visual Studio Version 17
VisualStudioVersion = 17.2.32526.322
MinimumVisualStudioVersion = 10.0.40219.1
Project("{FAE04EC0-301F-11D3-BF4B-00C04F79EFBC}") = "RoomReservation", "RoomReservation\RoomReservation.csproj", "{7B5D7037-6EAB-403A-83D8-F6F79DA2E881}"
EndProject
Global
	GlobalSection(SolutionConfigurationPlatforms) = preSolution
		Debug|Any CPU = Debug|Any CPU
		Release|Any CPU = Release|Any CPU
	EndGlobalSection
	GlobalSection(ProjectConfigurationPlatforms) = postSolution
		{7B5D7037-6EAB-403A-83D8-F6F79DA2E881}.Debug|Any CPU.ActiveCfg = Debug|Any CPU
		{7B5D7037-6EAB-403A-83D8-F6F79DA2E881}.Debug|Any CPU.Build.0 = Debug|Any CPU
		{7B5D7037-6EAB-403A-83D8-F6F79DA2E881}.Release|Any CPU.ActiveCfg = Release|Any CPU
		{7B5D7037-6EAB-403A-83D8-F6F79DA2E881}.Release|Any CPU.Build.0 = Release|Any CPU
	EndGlobalSection
	GlobalSection(SolutionProperties) = preSolution
		HideSolutionNode = FALSE
	EndGlobalSection
	GlobalSection(ExtensibilityGlobals) = postSolution
		SolutionGuid = {746854D5-71FE-42D2-864E-450039155A53}
	EndGlobalSection
EndGlobal
